
Microsoft Visual Studio Solution File, Format Version 12.00
# Visual Studio 2012
Project("{FAE04EC0-301F-11D3-BF4B-00C04F79EFBC}") = "test3", "test3\test3.csproj", "{A19561C6-6643-4672-B2C0-6999B6A4ABBB}"
EndProject
Global
	GlobalSection(SolutionConfigurationPlatforms) = preSolution
		Debug|Any CPU = Debug|Any CPU
		Release|Any CPU = Release|Any CPU
	EndGlobalSection
	GlobalSection(ProjectConfigurationPlatforms) = postSolution
		{A19561C6-6643-4672-B2C0-6999B6A4ABBB}.Debug|Any CPU.ActiveCfg = Debug|Any CPU
		{A19561C6-6643-4672-B2C0-6999B6A4ABBB}.Debug|Any CPU.Build.0 = Debug|Any CPU
		{A19561C6-6643-4672-B2C0-6999B6A4ABBB}.Release|Any CPU.ActiveCfg = Release|Any CPU
		{A19561C6-6643-4672-B2C0-6999B6A4ABBB}.Release|Any CPU.Build.0 = Release|Any CPU
	EndGlobalSection
	GlobalSection(SolutionProperties) = preSolution
		HideSolutionNode = FALSE
	EndGlobalSection
EndGlobal
