
Microsoft Visual Studio Solution File, Format Version 12.00
# Visual Studio 2012
Project("{FAE04EC0-301F-11D3-BF4B-00C04F79EFBC}") = "topec3", "topec3\topec3.csproj", "{83798A2D-3FD0-4D63-8DAE-9C1EADCC8359}"
EndProject
Global
	GlobalSection(SolutionConfigurationPlatforms) = preSolution
		Debug|Any CPU = Debug|Any CPU
		Release|Any CPU = Release|Any CPU
	EndGlobalSection
	GlobalSection(ProjectConfigurationPlatforms) = postSolution
		{83798A2D-3FD0-4D63-8DAE-9C1EADCC8359}.Debug|Any CPU.ActiveCfg = Debug|Any CPU
		{83798A2D-3FD0-4D63-8DAE-9C1EADCC8359}.Debug|Any CPU.Build.0 = Debug|Any CPU
		{83798A2D-3FD0-4D63-8DAE-9C1EADCC8359}.Release|Any CPU.ActiveCfg = Release|Any CPU
		{83798A2D-3FD0-4D63-8DAE-9C1EADCC8359}.Release|Any CPU.Build.0 = Release|Any CPU
	EndGlobalSection
	GlobalSection(SolutionProperties) = preSolution
		HideSolutionNode = FALSE
	EndGlobalSection
EndGlobal
